
Microsoft Visual Studio Solution File, Format Version 12.00
# Visual Studio Version 17
VisualStudioVersion = 17.0.31903.59
MinimumVisualStudioVersion = 10.0.40219.1
Project("{2150E333-8FDC-42A3-9474-1A3956D46DE8}") = "src", "src", "{827E0CD3-B72D-47B6-A68D-7590B98EB39B}"
EndProject
Project("{FAE04EC0-301F-11D3-BF4B-00C04F79EFBC}") = "1000", "src\1000\1000.csproj", "{4CF0BE43-06D3-493A-BC40-D7C6A7F589DF}"
EndProject
Project("{FAE04EC0-301F-11D3-BF4B-00C04F79EFBC}") = "1001", "src\1001\1001.csproj", "{D258B45E-2AEA-49C5-A127-88DA80106C88}"
EndProject
Project("{FAE04EC0-301F-11D3-BF4B-00C04F79EFBC}") = "1002", "src\1002\1002.csproj", "{2DE93D72-9E4F-4091-A66E-65BE5C0974E4}"
EndProject
Project("{FAE04EC0-301F-11D3-BF4B-00C04F79EFBC}") = "1003", "src\1003\1003.csproj", "{3A92B6D5-A4A8-4452-A65D-B66FAE97CCFF}"
EndProject
Project("{FAE04EC0-301F-11D3-BF4B-00C04F79EFBC}") = "1004", "src\1004\1004.csproj", "{369925A2-FE93-4006-BF6E-EF23F8B72932}"
EndProject
Project("{FAE04EC0-301F-11D3-BF4B-00C04F79EFBC}") = "1005", "src\1005\1005.csproj", "{CB597489-FC66-43F6-8CB9-28A8034C5D12}"
EndProject
Project("{FAE04EC0-301F-11D3-BF4B-00C04F79EFBC}") = "1006", "src\1006\1006.csproj", "{D1876611-EF52-4C82-96F3-637BB1AC1F16}"
EndProject
Project("{FAE04EC0-301F-11D3-BF4B-00C04F79EFBC}") = "1007", "src\1007\1007.csproj", "{59EF5552-4F31-4D1B-AA0B-DC8BEFA96E74}"
EndProject
Project("{FAE04EC0-301F-11D3-BF4B-00C04F79EFBC}") = "1008", "src\1008\1008.csproj", "{6AEBA3F0-5177-410E-B23C-94E20B10D307}"
EndProject
Project("{FAE04EC0-301F-11D3-BF4B-00C04F79EFBC}") = "1009", "src\1009\1009.csproj", "{C6D7B854-B4BF-46B2-9ADA-0F178617D856}"
EndProject
Project("{FAE04EC0-301F-11D3-BF4B-00C04F79EFBC}") = "1010", "src\1010\1010.csproj", "{4EFC2F52-F094-418B-93E4-E7CAD72F8790}"
EndProject
Project("{FAE04EC0-301F-11D3-BF4B-00C04F79EFBC}") = "1011", "src\1011\1011.csproj", "{C53DD0E9-332B-4F77-8EF1-765757F9595C}"
EndProject
Project("{FAE04EC0-301F-11D3-BF4B-00C04F79EFBC}") = "1012", "src\1012\1012.csproj", "{25D2BE92-52F1-441E-B040-1DF5AC61F3E4}"
EndProject
Project("{FAE04EC0-301F-11D3-BF4B-00C04F79EFBC}") = "1013", "src\1013\1013.csproj", "{6D15D77F-B4E7-41A5-9CDB-7683B161851E}"
EndProject
Project("{FAE04EC0-301F-11D3-BF4B-00C04F79EFBC}") = "1014", "src\1014\1014.csproj", "{5D72E025-D2E1-4643-AC4A-E01268B24090}"
EndProject
Project("{FAE04EC0-301F-11D3-BF4B-00C04F79EFBC}") = "1015", "src\1015\1015.csproj", "{4CA88E89-DDF6-48A9-A279-5E3652E4EAB4}"
EndProject
Project("{FAE04EC0-301F-11D3-BF4B-00C04F79EFBC}") = "1016", "src\1016\1016.csproj", "{F320D73C-9872-4CEF-8F40-CFFD7E162205}"
EndProject
Project("{FAE04EC0-301F-11D3-BF4B-00C04F79EFBC}") = "1017", "src\1017\1017.csproj", "{DED79559-1804-4239-96DF-DA2E5F5B5265}"
EndProject
Project("{FAE04EC0-301F-11D3-BF4B-00C04F79EFBC}") = "1018", "src\1018\1018.csproj", "{B15C40C9-D278-42D1-9DD0-8F91058541F4}"
EndProject
Project("{FAE04EC0-301F-11D3-BF4B-00C04F79EFBC}") = "1019", "src\1019\1019.csproj", "{B3CFE68A-A303-4D3F-B957-FB0EA72613D9}"
EndProject
Project("{FAE04EC0-301F-11D3-BF4B-00C04F79EFBC}") = "1020", "src\1020\1020.csproj", "{01EB7D1E-F9CF-40E2-887F-E6B531888903}"
EndProject
Project("{FAE04EC0-301F-11D3-BF4B-00C04F79EFBC}") = "1021", "src\1021\1021.csproj", "{79001A4B-5BC5-4490-BBC7-821CA7AFB458}"
EndProject
Global
	GlobalSection(SolutionConfigurationPlatforms) = preSolution
		Debug|Any CPU = Debug|Any CPU
		Debug|x64 = Debug|x64
		Debug|x86 = Debug|x86
		Release|Any CPU = Release|Any CPU
		Release|x64 = Release|x64
		Release|x86 = Release|x86
	EndGlobalSection
	GlobalSection(ProjectConfigurationPlatforms) = postSolution
		{4CF0BE43-06D3-493A-BC40-D7C6A7F589DF}.Debug|Any CPU.ActiveCfg = Debug|Any CPU
		{4CF0BE43-06D3-493A-BC40-D7C6A7F589DF}.Debug|Any CPU.Build.0 = Debug|Any CPU
		{4CF0BE43-06D3-493A-BC40-D7C6A7F589DF}.Debug|x64.ActiveCfg = Debug|Any CPU
		{4CF0BE43-06D3-493A-BC40-D7C6A7F589DF}.Debug|x64.Build.0 = Debug|Any CPU
		{4CF0BE43-06D3-493A-BC40-D7C6A7F589DF}.Debug|x86.ActiveCfg = Debug|Any CPU
		{4CF0BE43-06D3-493A-BC40-D7C6A7F589DF}.Debug|x86.Build.0 = Debug|Any CPU
		{4CF0BE43-06D3-493A-BC40-D7C6A7F589DF}.Release|Any CPU.ActiveCfg = Release|Any CPU
		{4CF0BE43-06D3-493A-BC40-D7C6A7F589DF}.Release|Any CPU.Build.0 = Release|Any CPU
		{4CF0BE43-06D3-493A-BC40-D7C6A7F589DF}.Release|x64.ActiveCfg = Release|Any CPU
		{4CF0BE43-06D3-493A-BC40-D7C6A7F589DF}.Release|x64.Build.0 = Release|Any CPU
		{4CF0BE43-06D3-493A-BC40-D7C6A7F589DF}.Release|x86.ActiveCfg = Release|Any CPU
		{4CF0BE43-06D3-493A-BC40-D7C6A7F589DF}.Release|x86.Build.0 = Release|Any CPU
		{D258B45E-2AEA-49C5-A127-88DA80106C88}.Debug|Any CPU.ActiveCfg = Debug|Any CPU
		{D258B45E-2AEA-49C5-A127-88DA80106C88}.Debug|Any CPU.Build.0 = Debug|Any CPU
		{D258B45E-2AEA-49C5-A127-88DA80106C88}.Debug|x64.ActiveCfg = Debug|Any CPU
		{D258B45E-2AEA-49C5-A127-88DA80106C88}.Debug|x64.Build.0 = Debug|Any CPU
		{D258B45E-2AEA-49C5-A127-88DA80106C88}.Debug|x86.ActiveCfg = Debug|Any CPU
		{D258B45E-2AEA-49C5-A127-88DA80106C88}.Debug|x86.Build.0 = Debug|Any CPU
		{D258B45E-2AEA-49C5-A127-88DA80106C88}.Release|Any CPU.ActiveCfg = Release|Any CPU
		{D258B45E-2AEA-49C5-A127-88DA80106C88}.Release|Any CPU.Build.0 = Release|Any CPU
		{D258B45E-2AEA-49C5-A127-88DA80106C88}.Release|x64.ActiveCfg = Release|Any CPU
		{D258B45E-2AEA-49C5-A127-88DA80106C88}.Release|x64.Build.0 = Release|Any CPU
		{D258B45E-2AEA-49C5-A127-88DA80106C88}.Release|x86.ActiveCfg = Release|Any CPU
		{D258B45E-2AEA-49C5-A127-88DA80106C88}.Release|x86.Build.0 = Release|Any CPU
		{2DE93D72-9E4F-4091-A66E-65BE5C0974E4}.Debug|Any CPU.ActiveCfg = Debug|Any CPU
		{2DE93D72-9E4F-4091-A66E-65BE5C0974E4}.Debug|Any CPU.Build.0 = Debug|Any CPU
		{2DE93D72-9E4F-4091-A66E-65BE5C0974E4}.Debug|x64.ActiveCfg = Debug|Any CPU
		{2DE93D72-9E4F-4091-A66E-65BE5C0974E4}.Debug|x64.Build.0 = Debug|Any CPU
		{2DE93D72-9E4F-4091-A66E-65BE5C0974E4}.Debug|x86.ActiveCfg = Debug|Any CPU
		{2DE93D72-9E4F-4091-A66E-65BE5C0974E4}.Debug|x86.Build.0 = Debug|Any CPU
		{2DE93D72-9E4F-4091-A66E-65BE5C0974E4}.Release|Any CPU.ActiveCfg = Release|Any CPU
		{2DE93D72-9E4F-4091-A66E-65BE5C0974E4}.Release|Any CPU.Build.0 = Release|Any CPU
		{2DE93D72-9E4F-4091-A66E-65BE5C0974E4}.Release|x64.ActiveCfg = Release|Any CPU
		{2DE93D72-9E4F-4091-A66E-65BE5C0974E4}.Release|x64.Build.0 = Release|Any CPU
		{2DE93D72-9E4F-4091-A66E-65BE5C0974E4}.Release|x86.ActiveCfg = Release|Any CPU
		{2DE93D72-9E4F-4091-A66E-65BE5C0974E4}.Release|x86.Build.0 = Release|Any CPU
		{3A92B6D5-A4A8-4452-A65D-B66FAE97CCFF}.Debug|Any CPU.ActiveCfg = Debug|Any CPU
		{3A92B6D5-A4A8-4452-A65D-B66FAE97CCFF}.Debug|Any CPU.Build.0 = Debug|Any CPU
		{3A92B6D5-A4A8-4452-A65D-B66FAE97CCFF}.Debug|x64.ActiveCfg = Debug|Any CPU
		{3A92B6D5-A4A8-4452-A65D-B66FAE97CCFF}.Debug|x64.Build.0 = Debug|Any CPU
		{3A92B6D5-A4A8-4452-A65D-B66FAE97CCFF}.Debug|x86.ActiveCfg = Debug|Any CPU
		{3A92B6D5-A4A8-4452-A65D-B66FAE97CCFF}.Debug|x86.Build.0 = Debug|Any CPU
		{3A92B6D5-A4A8-4452-A65D-B66FAE97CCFF}.Release|Any CPU.ActiveCfg = Release|Any CPU
		{3A92B6D5-A4A8-4452-A65D-B66FAE97CCFF}.Release|Any CPU.Build.0 = Release|Any CPU
		{3A92B6D5-A4A8-4452-A65D-B66FAE97CCFF}.Release|x64.ActiveCfg = Release|Any CPU
		{3A92B6D5-A4A8-4452-A65D-B66FAE97CCFF}.Release|x64.Build.0 = Release|Any CPU
		{3A92B6D5-A4A8-4452-A65D-B66FAE97CCFF}.Release|x86.ActiveCfg = Release|Any CPU
		{3A92B6D5-A4A8-4452-A65D-B66FAE97CCFF}.Release|x86.Build.0 = Release|Any CPU
		{369925A2-FE93-4006-BF6E-EF23F8B72932}.Debug|Any CPU.ActiveCfg = Debug|Any CPU
		{369925A2-FE93-4006-BF6E-EF23F8B72932}.Debug|Any CPU.Build.0 = Debug|Any CPU
		{369925A2-FE93-4006-BF6E-EF23F8B72932}.Debug|x64.ActiveCfg = Debug|Any CPU
		{369925A2-FE93-4006-BF6E-EF23F8B72932}.Debug|x64.Build.0 = Debug|Any CPU
		{369925A2-FE93-4006-BF6E-EF23F8B72932}.Debug|x86.ActiveCfg = Debug|Any CPU
		{369925A2-FE93-4006-BF6E-EF23F8B72932}.Debug|x86.Build.0 = Debug|Any CPU
		{369925A2-FE93-4006-BF6E-EF23F8B72932}.Release|Any CPU.ActiveCfg = Release|Any CPU
		{369925A2-FE93-4006-BF6E-EF23F8B72932}.Release|Any CPU.Build.0 = Release|Any CPU
		{369925A2-FE93-4006-BF6E-EF23F8B72932}.Release|x64.ActiveCfg = Release|Any CPU
		{369925A2-FE93-4006-BF6E-EF23F8B72932}.Release|x64.Build.0 = Release|Any CPU
		{369925A2-FE93-4006-BF6E-EF23F8B72932}.Release|x86.ActiveCfg = Release|Any CPU
		{369925A2-FE93-4006-BF6E-EF23F8B72932}.Release|x86.Build.0 = Release|Any CPU
		{CB597489-FC66-43F6-8CB9-28A8034C5D12}.Debug|Any CPU.ActiveCfg = Debug|Any CPU
		{CB597489-FC66-43F6-8CB9-28A8034C5D12}.Debug|Any CPU.Build.0 = Debug|Any CPU
		{CB597489-FC66-43F6-8CB9-28A8034C5D12}.Debug|x64.ActiveCfg = Debug|Any CPU
		{CB597489-FC66-43F6-8CB9-28A8034C5D12}.Debug|x64.Build.0 = Debug|Any CPU
		{CB597489-FC66-43F6-8CB9-28A8034C5D12}.Debug|x86.ActiveCfg = Debug|Any CPU
		{CB597489-FC66-43F6-8CB9-28A8034C5D12}.Debug|x86.Build.0 = Debug|Any CPU
		{CB597489-FC66-43F6-8CB9-28A8034C5D12}.Release|Any CPU.ActiveCfg = Release|Any CPU
		{CB597489-FC66-43F6-8CB9-28A8034C5D12}.Release|Any CPU.Build.0 = Release|Any CPU
		{CB597489-FC66-43F6-8CB9-28A8034C5D12}.Release|x64.ActiveCfg = Release|Any CPU
		{CB597489-FC66-43F6-8CB9-28A8034C5D12}.Release|x64.Build.0 = Release|Any CPU
		{CB597489-FC66-43F6-8CB9-28A8034C5D12}.Release|x86.ActiveCfg = Release|Any CPU
		{CB597489-FC66-43F6-8CB9-28A8034C5D12}.Release|x86.Build.0 = Release|Any CPU
		{D1876611-EF52-4C82-96F3-637BB1AC1F16}.Debug|Any CPU.ActiveCfg = Debug|Any CPU
		{D1876611-EF52-4C82-96F3-637BB1AC1F16}.Debug|Any CPU.Build.0 = Debug|Any CPU
		{D1876611-EF52-4C82-96F3-637BB1AC1F16}.Debug|x64.ActiveCfg = Debug|Any CPU
		{D1876611-EF52-4C82-96F3-637BB1AC1F16}.Debug|x64.Build.0 = Debug|Any CPU
		{D1876611-EF52-4C82-96F3-637BB1AC1F16}.Debug|x86.ActiveCfg = Debug|Any CPU
		{D1876611-EF52-4C82-96F3-637BB1AC1F16}.Debug|x86.Build.0 = Debug|Any CPU
		{D1876611-EF52-4C82-96F3-637BB1AC1F16}.Release|Any CPU.ActiveCfg = Release|Any CPU
		{D1876611-EF52-4C82-96F3-637BB1AC1F16}.Release|Any CPU.Build.0 = Release|Any CPU
		{D1876611-EF52-4C82-96F3-637BB1AC1F16}.Release|x64.ActiveCfg = Release|Any CPU
		{D1876611-EF52-4C82-96F3-637BB1AC1F16}.Release|x64.Build.0 = Release|Any CPU
		{D1876611-EF52-4C82-96F3-637BB1AC1F16}.Release|x86.ActiveCfg = Release|Any CPU
		{D1876611-EF52-4C82-96F3-637BB1AC1F16}.Release|x86.Build.0 = Release|Any CPU
		{59EF5552-4F31-4D1B-AA0B-DC8BEFA96E74}.Debug|Any CPU.ActiveCfg = Debug|Any CPU
		{59EF5552-4F31-4D1B-AA0B-DC8BEFA96E74}.Debug|Any CPU.Build.0 = Debug|Any CPU
		{59EF5552-4F31-4D1B-AA0B-DC8BEFA96E74}.Debug|x64.ActiveCfg = Debug|Any CPU
		{59EF5552-4F31-4D1B-AA0B-DC8BEFA96E74}.Debug|x64.Build.0 = Debug|Any CPU
		{59EF5552-4F31-4D1B-AA0B-DC8BEFA96E74}.Debug|x86.ActiveCfg = Debug|Any CPU
		{59EF5552-4F31-4D1B-AA0B-DC8BEFA96E74}.Debug|x86.Build.0 = Debug|Any CPU
		{59EF5552-4F31-4D1B-AA0B-DC8BEFA96E74}.Release|Any CPU.ActiveCfg = Release|Any CPU
		{59EF5552-4F31-4D1B-AA0B-DC8BEFA96E74}.Release|Any CPU.Build.0 = Release|Any CPU
		{59EF5552-4F31-4D1B-AA0B-DC8BEFA96E74}.Release|x64.ActiveCfg = Release|Any CPU
		{59EF5552-4F31-4D1B-AA0B-DC8BEFA96E74}.Release|x64.Build.0 = Release|Any CPU
		{59EF5552-4F31-4D1B-AA0B-DC8BEFA96E74}.Release|x86.ActiveCfg = Release|Any CPU
		{59EF5552-4F31-4D1B-AA0B-DC8BEFA96E74}.Release|x86.Build.0 = Release|Any CPU
		{6AEBA3F0-5177-410E-B23C-94E20B10D307}.Debug|Any CPU.ActiveCfg = Debug|Any CPU
		{6AEBA3F0-5177-410E-B23C-94E20B10D307}.Debug|Any CPU.Build.0 = Debug|Any CPU
		{6AEBA3F0-5177-410E-B23C-94E20B10D307}.Debug|x64.ActiveCfg = Debug|Any CPU
		{6AEBA3F0-5177-410E-B23C-94E20B10D307}.Debug|x64.Build.0 = Debug|Any CPU
		{6AEBA3F0-5177-410E-B23C-94E20B10D307}.Debug|x86.ActiveCfg = Debug|Any CPU
		{6AEBA3F0-5177-410E-B23C-94E20B10D307}.Debug|x86.Build.0 = Debug|Any CPU
		{6AEBA3F0-5177-410E-B23C-94E20B10D307}.Release|Any CPU.ActiveCfg = Release|Any CPU
		{6AEBA3F0-5177-410E-B23C-94E20B10D307}.Release|Any CPU.Build.0 = Release|Any CPU
		{6AEBA3F0-5177-410E-B23C-94E20B10D307}.Release|x64.ActiveCfg = Release|Any CPU
		{6AEBA3F0-5177-410E-B23C-94E20B10D307}.Release|x64.Build.0 = Release|Any CPU
		{6AEBA3F0-5177-410E-B23C-94E20B10D307}.Release|x86.ActiveCfg = Release|Any CPU
		{6AEBA3F0-5177-410E-B23C-94E20B10D307}.Release|x86.Build.0 = Release|Any CPU
		{C6D7B854-B4BF-46B2-9ADA-0F178617D856}.Debug|Any CPU.ActiveCfg = Debug|Any CPU
		{C6D7B854-B4BF-46B2-9ADA-0F178617D856}.Debug|Any CPU.Build.0 = Debug|Any CPU
		{C6D7B854-B4BF-46B2-9ADA-0F178617D856}.Debug|x64.ActiveCfg = Debug|Any CPU
		{C6D7B854-B4BF-46B2-9ADA-0F178617D856}.Debug|x64.Build.0 = Debug|Any CPU
		{C6D7B854-B4BF-46B2-9ADA-0F178617D856}.Debug|x86.ActiveCfg = Debug|Any CPU
		{C6D7B854-B4BF-46B2-9ADA-0F178617D856}.Debug|x86.Build.0 = Debug|Any CPU
		{C6D7B854-B4BF-46B2-9ADA-0F178617D856}.Release|Any CPU.ActiveCfg = Release|Any CPU
		{C6D7B854-B4BF-46B2-9ADA-0F178617D856}.Release|Any CPU.Build.0 = Release|Any CPU
		{C6D7B854-B4BF-46B2-9ADA-0F178617D856}.Release|x64.ActiveCfg = Release|Any CPU
		{C6D7B854-B4BF-46B2-9ADA-0F178617D856}.Release|x64.Build.0 = Release|Any CPU
		{C6D7B854-B4BF-46B2-9ADA-0F178617D856}.Release|x86.ActiveCfg = Release|Any CPU
		{C6D7B854-B4BF-46B2-9ADA-0F178617D856}.Release|x86.Build.0 = Release|Any CPU
		{4EFC2F52-F094-418B-93E4-E7CAD72F8790}.Debug|Any CPU.ActiveCfg = Debug|Any CPU
		{4EFC2F52-F094-418B-93E4-E7CAD72F8790}.Debug|Any CPU.Build.0 = Debug|Any CPU
		{4EFC2F52-F094-418B-93E4-E7CAD72F8790}.Debug|x64.ActiveCfg = Debug|Any CPU
		{4EFC2F52-F094-418B-93E4-E7CAD72F8790}.Debug|x64.Build.0 = Debug|Any CPU
		{4EFC2F52-F094-418B-93E4-E7CAD72F8790}.Debug|x86.ActiveCfg = Debug|Any CPU
		{4EFC2F52-F094-418B-93E4-E7CAD72F8790}.Debug|x86.Build.0 = Debug|Any CPU
		{4EFC2F52-F094-418B-93E4-E7CAD72F8790}.Release|Any CPU.ActiveCfg = Release|Any CPU
		{4EFC2F52-F094-418B-93E4-E7CAD72F8790}.Release|Any CPU.Build.0 = Release|Any CPU
		{4EFC2F52-F094-418B-93E4-E7CAD72F8790}.Release|x64.ActiveCfg = Release|Any CPU
		{4EFC2F52-F094-418B-93E4-E7CAD72F8790}.Release|x64.Build.0 = Release|Any CPU
		{4EFC2F52-F094-418B-93E4-E7CAD72F8790}.Release|x86.ActiveCfg = Release|Any CPU
		{4EFC2F52-F094-418B-93E4-E7CAD72F8790}.Release|x86.Build.0 = Release|Any CPU
		{C53DD0E9-332B-4F77-8EF1-765757F9595C}.Debug|Any CPU.ActiveCfg = Debug|Any CPU
		{C53DD0E9-332B-4F77-8EF1-765757F9595C}.Debug|Any CPU.Build.0 = Debug|Any CPU
		{C53DD0E9-332B-4F77-8EF1-765757F9595C}.Debug|x64.ActiveCfg = Debug|Any CPU
		{C53DD0E9-332B-4F77-8EF1-765757F9595C}.Debug|x64.Build.0 = Debug|Any CPU
		{C53DD0E9-332B-4F77-8EF1-765757F9595C}.Debug|x86.ActiveCfg = Debug|Any CPU
		{C53DD0E9-332B-4F77-8EF1-765757F9595C}.Debug|x86.Build.0 = Debug|Any CPU
		{C53DD0E9-332B-4F77-8EF1-765757F9595C}.Release|Any CPU.ActiveCfg = Release|Any CPU
		{C53DD0E9-332B-4F77-8EF1-765757F9595C}.Release|Any CPU.Build.0 = Release|Any CPU
		{C53DD0E9-332B-4F77-8EF1-765757F9595C}.Release|x64.ActiveCfg = Release|Any CPU
		{C53DD0E9-332B-4F77-8EF1-765757F9595C}.Release|x64.Build.0 = Release|Any CPU
		{C53DD0E9-332B-4F77-8EF1-765757F9595C}.Release|x86.ActiveCfg = Release|Any CPU
		{C53DD0E9-332B-4F77-8EF1-765757F9595C}.Release|x86.Build.0 = Release|Any CPU
		{25D2BE92-52F1-441E-B040-1DF5AC61F3E4}.Debug|Any CPU.ActiveCfg = Debug|Any CPU
		{25D2BE92-52F1-441E-B040-1DF5AC61F3E4}.Debug|Any CPU.Build.0 = Debug|Any CPU
		{25D2BE92-52F1-441E-B040-1DF5AC61F3E4}.Debug|x64.ActiveCfg = Debug|Any CPU
		{25D2BE92-52F1-441E-B040-1DF5AC61F3E4}.Debug|x64.Build.0 = Debug|Any CPU
		{25D2BE92-52F1-441E-B040-1DF5AC61F3E4}.Debug|x86.ActiveCfg = Debug|Any CPU
		{25D2BE92-52F1-441E-B040-1DF5AC61F3E4}.Debug|x86.Build.0 = Debug|Any CPU
		{25D2BE92-52F1-441E-B040-1DF5AC61F3E4}.Release|Any CPU.ActiveCfg = Release|Any CPU
		{25D2BE92-52F1-441E-B040-1DF5AC61F3E4}.Release|Any CPU.Build.0 = Release|Any CPU
		{25D2BE92-52F1-441E-B040-1DF5AC61F3E4}.Release|x64.ActiveCfg = Release|Any CPU
		{25D2BE92-52F1-441E-B040-1DF5AC61F3E4}.Release|x64.Build.0 = Release|Any CPU
		{25D2BE92-52F1-441E-B040-1DF5AC61F3E4}.Release|x86.ActiveCfg = Release|Any CPU
		{25D2BE92-52F1-441E-B040-1DF5AC61F3E4}.Release|x86.Build.0 = Release|Any CPU
		{6D15D77F-B4E7-41A5-9CDB-7683B161851E}.Debug|Any CPU.ActiveCfg = Debug|Any CPU
		{6D15D77F-B4E7-41A5-9CDB-7683B161851E}.Debug|Any CPU.Build.0 = Debug|Any CPU
		{6D15D77F-B4E7-41A5-9CDB-7683B161851E}.Debug|x64.ActiveCfg = Debug|Any CPU
		{6D15D77F-B4E7-41A5-9CDB-7683B161851E}.Debug|x64.Build.0 = Debug|Any CPU
		{6D15D77F-B4E7-41A5-9CDB-7683B161851E}.Debug|x86.ActiveCfg = Debug|Any CPU
		{6D15D77F-B4E7-41A5-9CDB-7683B161851E}.Debug|x86.Build.0 = Debug|Any CPU
		{6D15D77F-B4E7-41A5-9CDB-7683B161851E}.Release|Any CPU.ActiveCfg = Release|Any CPU
		{6D15D77F-B4E7-41A5-9CDB-7683B161851E}.Release|Any CPU.Build.0 = Release|Any CPU
		{6D15D77F-B4E7-41A5-9CDB-7683B161851E}.Release|x64.ActiveCfg = Release|Any CPU
		{6D15D77F-B4E7-41A5-9CDB-7683B161851E}.Release|x64.Build.0 = Release|Any CPU
		{6D15D77F-B4E7-41A5-9CDB-7683B161851E}.Release|x86.ActiveCfg = Release|Any CPU
		{6D15D77F-B4E7-41A5-9CDB-7683B161851E}.Release|x86.Build.0 = Release|Any CPU
		{5D72E025-D2E1-4643-AC4A-E01268B24090}.Debug|Any CPU.ActiveCfg = Debug|Any CPU
		{5D72E025-D2E1-4643-AC4A-E01268B24090}.Debug|Any CPU.Build.0 = Debug|Any CPU
		{5D72E025-D2E1-4643-AC4A-E01268B24090}.Debug|x64.ActiveCfg = Debug|Any CPU
		{5D72E025-D2E1-4643-AC4A-E01268B24090}.Debug|x64.Build.0 = Debug|Any CPU
		{5D72E025-D2E1-4643-AC4A-E01268B24090}.Debug|x86.ActiveCfg = Debug|Any CPU
		{5D72E025-D2E1-4643-AC4A-E01268B24090}.Debug|x86.Build.0 = Debug|Any CPU
		{5D72E025-D2E1-4643-AC4A-E01268B24090}.Release|Any CPU.ActiveCfg = Release|Any CPU
		{5D72E025-D2E1-4643-AC4A-E01268B24090}.Release|Any CPU.Build.0 = Release|Any CPU
		{5D72E025-D2E1-4643-AC4A-E01268B24090}.Release|x64.ActiveCfg = Release|Any CPU
		{5D72E025-D2E1-4643-AC4A-E01268B24090}.Release|x64.Build.0 = Release|Any CPU
		{5D72E025-D2E1-4643-AC4A-E01268B24090}.Release|x86.ActiveCfg = Release|Any CPU
		{5D72E025-D2E1-4643-AC4A-E01268B24090}.Release|x86.Build.0 = Release|Any CPU
		{4CA88E89-DDF6-48A9-A279-5E3652E4EAB4}.Debug|Any CPU.ActiveCfg = Debug|Any CPU
		{4CA88E89-DDF6-48A9-A279-5E3652E4EAB4}.Debug|Any CPU.Build.0 = Debug|Any CPU
		{4CA88E89-DDF6-48A9-A279-5E3652E4EAB4}.Debug|x64.ActiveCfg = Debug|Any CPU
		{4CA88E89-DDF6-48A9-A279-5E3652E4EAB4}.Debug|x64.Build.0 = Debug|Any CPU
		{4CA88E89-DDF6-48A9-A279-5E3652E4EAB4}.Debug|x86.ActiveCfg = Debug|Any CPU
		{4CA88E89-DDF6-48A9-A279-5E3652E4EAB4}.Debug|x86.Build.0 = Debug|Any CPU
		{4CA88E89-DDF6-48A9-A279-5E3652E4EAB4}.Release|Any CPU.ActiveCfg = Release|Any CPU
		{4CA88E89-DDF6-48A9-A279-5E3652E4EAB4}.Release|Any CPU.Build.0 = Release|Any CPU
		{4CA88E89-DDF6-48A9-A279-5E3652E4EAB4}.Release|x64.ActiveCfg = Release|Any CPU
		{4CA88E89-DDF6-48A9-A279-5E3652E4EAB4}.Release|x64.Build.0 = Release|Any CPU
		{4CA88E89-DDF6-48A9-A279-5E3652E4EAB4}.Release|x86.ActiveCfg = Release|Any CPU
		{4CA88E89-DDF6-48A9-A279-5E3652E4EAB4}.Release|x86.Build.0 = Release|Any CPU
		{F320D73C-9872-4CEF-8F40-CFFD7E162205}.Debug|Any CPU.ActiveCfg = Debug|Any CPU
		{F320D73C-9872-4CEF-8F40-CFFD7E162205}.Debug|Any CPU.Build.0 = Debug|Any CPU
		{F320D73C-9872-4CEF-8F40-CFFD7E162205}.Debug|x64.ActiveCfg = Debug|Any CPU
		{F320D73C-9872-4CEF-8F40-CFFD7E162205}.Debug|x64.Build.0 = Debug|Any CPU
		{F320D73C-9872-4CEF-8F40-CFFD7E162205}.Debug|x86.ActiveCfg = Debug|Any CPU
		{F320D73C-9872-4CEF-8F40-CFFD7E162205}.Debug|x86.Build.0 = Debug|Any CPU
		{F320D73C-9872-4CEF-8F40-CFFD7E162205}.Release|Any CPU.ActiveCfg = Release|Any CPU
		{F320D73C-9872-4CEF-8F40-CFFD7E162205}.Release|Any CPU.Build.0 = Release|Any CPU
		{F320D73C-9872-4CEF-8F40-CFFD7E162205}.Release|x64.ActiveCfg = Release|Any CPU
		{F320D73C-9872-4CEF-8F40-CFFD7E162205}.Release|x64.Build.0 = Release|Any CPU
		{F320D73C-9872-4CEF-8F40-CFFD7E162205}.Release|x86.ActiveCfg = Release|Any CPU
		{F320D73C-9872-4CEF-8F40-CFFD7E162205}.Release|x86.Build.0 = Release|Any CPU
		{DED79559-1804-4239-96DF-DA2E5F5B5265}.Debug|Any CPU.ActiveCfg = Debug|Any CPU
		{DED79559-1804-4239-96DF-DA2E5F5B5265}.Debug|Any CPU.Build.0 = Debug|Any CPU
		{DED79559-1804-4239-96DF-DA2E5F5B5265}.Debug|x64.ActiveCfg = Debug|Any CPU
		{DED79559-1804-4239-96DF-DA2E5F5B5265}.Debug|x64.Build.0 = Debug|Any CPU
		{DED79559-1804-4239-96DF-DA2E5F5B5265}.Debug|x86.ActiveCfg = Debug|Any CPU
		{DED79559-1804-4239-96DF-DA2E5F5B5265}.Debug|x86.Build.0 = Debug|Any CPU
		{DED79559-1804-4239-96DF-DA2E5F5B5265}.Release|Any CPU.ActiveCfg = Release|Any CPU
		{DED79559-1804-4239-96DF-DA2E5F5B5265}.Release|Any CPU.Build.0 = Release|Any CPU
		{DED79559-1804-4239-96DF-DA2E5F5B5265}.Release|x64.ActiveCfg = Release|Any CPU
		{DED79559-1804-4239-96DF-DA2E5F5B5265}.Release|x64.Build.0 = Release|Any CPU
		{DED79559-1804-4239-96DF-DA2E5F5B5265}.Release|x86.ActiveCfg = Release|Any CPU
		{DED79559-1804-4239-96DF-DA2E5F5B5265}.Release|x86.Build.0 = Release|Any CPU
		{B15C40C9-D278-42D1-9DD0-8F91058541F4}.Debug|Any CPU.ActiveCfg = Debug|Any CPU
		{B15C40C9-D278-42D1-9DD0-8F91058541F4}.Debug|Any CPU.Build.0 = Debug|Any CPU
		{B15C40C9-D278-42D1-9DD0-8F91058541F4}.Debug|x64.ActiveCfg = Debug|Any CPU
		{B15C40C9-D278-42D1-9DD0-8F91058541F4}.Debug|x64.Build.0 = Debug|Any CPU
		{B15C40C9-D278-42D1-9DD0-8F91058541F4}.Debug|x86.ActiveCfg = Debug|Any CPU
		{B15C40C9-D278-42D1-9DD0-8F91058541F4}.Debug|x86.Build.0 = Debug|Any CPU
		{B15C40C9-D278-42D1-9DD0-8F91058541F4}.Release|Any CPU.ActiveCfg = Release|Any CPU
		{B15C40C9-D278-42D1-9DD0-8F91058541F4}.Release|Any CPU.Build.0 = Release|Any CPU
		{B15C40C9-D278-42D1-9DD0-8F91058541F4}.Release|x64.ActiveCfg = Release|Any CPU
		{B15C40C9-D278-42D1-9DD0-8F91058541F4}.Release|x64.Build.0 = Release|Any CPU
		{B15C40C9-D278-42D1-9DD0-8F91058541F4}.Release|x86.ActiveCfg = Release|Any CPU
		{B15C40C9-D278-42D1-9DD0-8F91058541F4}.Release|x86.Build.0 = Release|Any CPU
		{B3CFE68A-A303-4D3F-B957-FB0EA72613D9}.Debug|Any CPU.ActiveCfg = Debug|Any CPU
		{B3CFE68A-A303-4D3F-B957-FB0EA72613D9}.Debug|Any CPU.Build.0 = Debug|Any CPU
		{B3CFE68A-A303-4D3F-B957-FB0EA72613D9}.Debug|x64.ActiveCfg = Debug|Any CPU
		{B3CFE68A-A303-4D3F-B957-FB0EA72613D9}.Debug|x64.Build.0 = Debug|Any CPU
		{B3CFE68A-A303-4D3F-B957-FB0EA72613D9}.Debug|x86.ActiveCfg = Debug|Any CPU
		{B3CFE68A-A303-4D3F-B957-FB0EA72613D9}.Debug|x86.Build.0 = Debug|Any CPU
		{B3CFE68A-A303-4D3F-B957-FB0EA72613D9}.Release|Any CPU.ActiveCfg = Release|Any CPU
		{B3CFE68A-A303-4D3F-B957-FB0EA72613D9}.Release|Any CPU.Build.0 = Release|Any CPU
		{B3CFE68A-A303-4D3F-B957-FB0EA72613D9}.Release|x64.ActiveCfg = Release|Any CPU
		{B3CFE68A-A303-4D3F-B957-FB0EA72613D9}.Release|x64.Build.0 = Release|Any CPU
		{B3CFE68A-A303-4D3F-B957-FB0EA72613D9}.Release|x86.ActiveCfg = Release|Any CPU
		{B3CFE68A-A303-4D3F-B957-FB0EA72613D9}.Release|x86.Build.0 = Release|Any CPU
		{01EB7D1E-F9CF-40E2-887F-E6B531888903}.Debug|Any CPU.ActiveCfg = Debug|Any CPU
		{01EB7D1E-F9CF-40E2-887F-E6B531888903}.Debug|Any CPU.Build.0 = Debug|Any CPU
		{01EB7D1E-F9CF-40E2-887F-E6B531888903}.Debug|x64.ActiveCfg = Debug|Any CPU
		{01EB7D1E-F9CF-40E2-887F-E6B531888903}.Debug|x64.Build.0 = Debug|Any CPU
		{01EB7D1E-F9CF-40E2-887F-E6B531888903}.Debug|x86.ActiveCfg = Debug|Any CPU
		{01EB7D1E-F9CF-40E2-887F-E6B531888903}.Debug|x86.Build.0 = Debug|Any CPU
		{01EB7D1E-F9CF-40E2-887F-E6B531888903}.Release|Any CPU.ActiveCfg = Release|Any CPU
		{01EB7D1E-F9CF-40E2-887F-E6B531888903}.Release|Any CPU.Build.0 = Release|Any CPU
		{01EB7D1E-F9CF-40E2-887F-E6B531888903}.Release|x64.ActiveCfg = Release|Any CPU
		{01EB7D1E-F9CF-40E2-887F-E6B531888903}.Release|x64.Build.0 = Release|Any CPU
		{01EB7D1E-F9CF-40E2-887F-E6B531888903}.Release|x86.ActiveCfg = Release|Any CPU
		{01EB7D1E-F9CF-40E2-887F-E6B531888903}.Release|x86.Build.0 = Release|Any CPU
		{79001A4B-5BC5-4490-BBC7-821CA7AFB458}.Debug|Any CPU.ActiveCfg = Debug|Any CPU
		{79001A4B-5BC5-4490-BBC7-821CA7AFB458}.Debug|Any CPU.Build.0 = Debug|Any CPU
		{79001A4B-5BC5-4490-BBC7-821CA7AFB458}.Debug|x64.ActiveCfg = Debug|Any CPU
		{79001A4B-5BC5-4490-BBC7-821CA7AFB458}.Debug|x64.Build.0 = Debug|Any CPU
		{79001A4B-5BC5-4490-BBC7-821CA7AFB458}.Debug|x86.ActiveCfg = Debug|Any CPU
		{79001A4B-5BC5-4490-BBC7-821CA7AFB458}.Debug|x86.Build.0 = Debug|Any CPU
		{79001A4B-5BC5-4490-BBC7-821CA7AFB458}.Release|Any CPU.ActiveCfg = Release|Any CPU
		{79001A4B-5BC5-4490-BBC7-821CA7AFB458}.Release|Any CPU.Build.0 = Release|Any CPU
		{79001A4B-5BC5-4490-BBC7-821CA7AFB458}.Release|x64.ActiveCfg = Release|Any CPU
		{79001A4B-5BC5-4490-BBC7-821CA7AFB458}.Release|x64.Build.0 = Release|Any CPU
		{79001A4B-5BC5-4490-BBC7-821CA7AFB458}.Release|x86.ActiveCfg = Release|Any CPU
		{79001A4B-5BC5-4490-BBC7-821CA7AFB458}.Release|x86.Build.0 = Release|Any CPU
	EndGlobalSection
	GlobalSection(SolutionProperties) = preSolution
		HideSolutionNode = FALSE
	EndGlobalSection
	GlobalSection(NestedProjects) = preSolution
		{4CF0BE43-06D3-493A-BC40-D7C6A7F589DF} = {827E0CD3-B72D-47B6-A68D-7590B98EB39B}
		{D258B45E-2AEA-49C5-A127-88DA80106C88} = {827E0CD3-B72D-47B6-A68D-7590B98EB39B}
		{2DE93D72-9E4F-4091-A66E-65BE5C0974E4} = {827E0CD3-B72D-47B6-A68D-7590B98EB39B}
		{3A92B6D5-A4A8-4452-A65D-B66FAE97CCFF} = {827E0CD3-B72D-47B6-A68D-7590B98EB39B}
		{369925A2-FE93-4006-BF6E-EF23F8B72932} = {827E0CD3-B72D-47B6-A68D-7590B98EB39B}
		{CB597489-FC66-43F6-8CB9-28A8034C5D12} = {827E0CD3-B72D-47B6-A68D-7590B98EB39B}
		{D1876611-EF52-4C82-96F3-637BB1AC1F16} = {827E0CD3-B72D-47B6-A68D-7590B98EB39B}
		{59EF5552-4F31-4D1B-AA0B-DC8BEFA96E74} = {827E0CD3-B72D-47B6-A68D-7590B98EB39B}
		{6AEBA3F0-5177-410E-B23C-94E20B10D307} = {827E0CD3-B72D-47B6-A68D-7590B98EB39B}
		{C6D7B854-B4BF-46B2-9ADA-0F178617D856} = {827E0CD3-B72D-47B6-A68D-7590B98EB39B}
		{4EFC2F52-F094-418B-93E4-E7CAD72F8790} = {827E0CD3-B72D-47B6-A68D-7590B98EB39B}
		{C53DD0E9-332B-4F77-8EF1-765757F9595C} = {827E0CD3-B72D-47B6-A68D-7590B98EB39B}
		{25D2BE92-52F1-441E-B040-1DF5AC61F3E4} = {827E0CD3-B72D-47B6-A68D-7590B98EB39B}
		{6D15D77F-B4E7-41A5-9CDB-7683B161851E} = {827E0CD3-B72D-47B6-A68D-7590B98EB39B}
		{5D72E025-D2E1-4643-AC4A-E01268B24090} = {827E0CD3-B72D-47B6-A68D-7590B98EB39B}
		{4CA88E89-DDF6-48A9-A279-5E3652E4EAB4} = {827E0CD3-B72D-47B6-A68D-7590B98EB39B}
		{F320D73C-9872-4CEF-8F40-CFFD7E162205} = {827E0CD3-B72D-47B6-A68D-7590B98EB39B}
		{DED79559-1804-4239-96DF-DA2E5F5B5265} = {827E0CD3-B72D-47B6-A68D-7590B98EB39B}
		{B15C40C9-D278-42D1-9DD0-8F91058541F4} = {827E0CD3-B72D-47B6-A68D-7590B98EB39B}
		{B3CFE68A-A303-4D3F-B957-FB0EA72613D9} = {827E0CD3-B72D-47B6-A68D-7590B98EB39B}
		{01EB7D1E-F9CF-40E2-887F-E6B531888903} = {827E0CD3-B72D-47B6-A68D-7590B98EB39B}
		{79001A4B-5BC5-4490-BBC7-821CA7AFB458} = {827E0CD3-B72D-47B6-A68D-7590B98EB39B}
	EndGlobalSection
EndGlobal
